// !$*UTF8*$!
{
	archiveVersion = 1;
	classes = {
	};
	objectVersion = 56;
	objects = {

/* Begin PBXBuildFile section */
		747CC1712B1FA3A50017DBA0 /* AppDelegate.swift in Sources */ = {isa = PBXBuildFile; fileRef = 747CC1702B1FA3A50017DBA0 /* AppDelegate.swift */; };
		747CC1732B1FA3A50017DBA0 /* SceneDelegate.swift in Sources */ = {isa = PBXBuildFile; fileRef = 747CC1722B1FA3A50017DBA0 /* SceneDelegate.swift */; };
		747CC17A2B1FA3A60017DBA0 /* Assets.xcassets in Resources */ = {isa = PBXBuildFile; fileRef = 747CC1792B1FA3A60017DBA0 /* Assets.xcassets */; };
		747CC17D2B1FA3A60017DBA0 /* LaunchScreen.storyboard in Resources */ = {isa = PBXBuildFile; fileRef = 747CC17B2B1FA3A60017DBA0 /* LaunchScreen.storyboard */; };
		74A823A02B4DD97E0077935D /* Colors.xcassets in Resources */ = {isa = PBXBuildFile; fileRef = 74A8239F2B4DD97E0077935D /* Colors.xcassets */; };
		74A823A42B4DE2A10077935D /* XCAssets+Generated.swift in Sources */ = {isa = PBXBuildFile; fileRef = 74A823A32B4DE2A10077935D /* XCAssets+Generated.swift */; };
		74BF4AE62B4C32FB009BBD9B /* Localizable.strings in Resources */ = {isa = PBXBuildFile; fileRef = 74BF4AE52B4C32FB009BBD9B /* Localizable.strings */; };
		74BF4AE82B4C3397009BBD9B /* Strings+Generated.swift in Sources */ = {isa = PBXBuildFile; fileRef = 74BF4AE72B4C3397009BBD9B /* Strings+Generated.swift */; };
		A0059D232B205AA4001C3CE5 /* SnapKit in Frameworks */ = {isa = PBXBuildFile; productRef = A0059D222B205AA4001C3CE5 /* SnapKit */; };
		A0059D252B205AA4001C3CE5 /* SnapKit-Dynamic in Frameworks */ = {isa = PBXBuildFile; productRef = A0059D242B205AA4001C3CE5 /* SnapKit-Dynamic */; };
		A0451E092B3301F400DBAD47 /* DictionaryViewController.swift in Sources */ = {isa = PBXBuildFile; fileRef = A0451E082B3301F400DBAD47 /* DictionaryViewController.swift */; };
		A0451E0B2B33020200DBAD47 /* DictionaryPresenter.swift in Sources */ = {isa = PBXBuildFile; fileRef = A0451E0A2B33020200DBAD47 /* DictionaryPresenter.swift */; };
		A0451E0D2B33020E00DBAD47 /* DictionaryAssembler.swift in Sources */ = {isa = PBXBuildFile; fileRef = A0451E0C2B33020E00DBAD47 /* DictionaryAssembler.swift */; };
		A0451E0F2B33021700DBAD47 /* DictionaryRouter.swift in Sources */ = {isa = PBXBuildFile; fileRef = A0451E0E2B33021700DBAD47 /* DictionaryRouter.swift */; };
		A0451E112B3303CA00DBAD47 /* ProfileViewController.swift in Sources */ = {isa = PBXBuildFile; fileRef = A0451E102B3303CA00DBAD47 /* ProfileViewController.swift */; };
		A0451E132B3303D500DBAD47 /* ProfilePresenter.swift in Sources */ = {isa = PBXBuildFile; fileRef = A0451E122B3303D500DBAD47 /* ProfilePresenter.swift */; };
		A0451E152B3303DC00DBAD47 /* ProfileAssembler.swift in Sources */ = {isa = PBXBuildFile; fileRef = A0451E142B3303DC00DBAD47 /* ProfileAssembler.swift */; };
		A0451E172B3303E700DBAD47 /* ProfileRouter.swift in Sources */ = {isa = PBXBuildFile; fileRef = A0451E162B3303E700DBAD47 /* ProfileRouter.swift */; };
		A05074EA2B46D4DD00BDF6F0 /* UserPhotoView.swift in Sources */ = {isa = PBXBuildFile; fileRef = A05074E92B46D4DD00BDF6F0 /* UserPhotoView.swift */; };
		A05074EC2B46D5EB00BDF6F0 /* BaseView.swift in Sources */ = {isa = PBXBuildFile; fileRef = A05074EB2B46D5EB00BDF6F0 /* BaseView.swift */; };
		A05074EF2B46DA6400BDF6F0 /* Kingfisher in Frameworks */ = {isa = PBXBuildFile; productRef = A05074EE2B46DA6400BDF6F0 /* Kingfisher */; };
		A05074F12B46DEFD00BDF6F0 /* ProfileHeaderView.swift in Sources */ = {isa = PBXBuildFile; fileRef = A05074F02B46DEFD00BDF6F0 /* ProfileHeaderView.swift */; };
		A054D5BD2B21DEE800BC30B3 /* BaseViewController.swift in Sources */ = {isa = PBXBuildFile; fileRef = A054D5BC2B21DEE800BC30B3 /* BaseViewController.swift */; };
		A054D5BF2B22FB2300BC30B3 /* NavigationManager.swift in Sources */ = {isa = PBXBuildFile; fileRef = A054D5BE2B22FB2300BC30B3 /* NavigationManager.swift */; };
		A054D5C12B2302F300BC30B3 /* AuthViewController.swift in Sources */ = {isa = PBXBuildFile; fileRef = A054D5C02B2302F300BC30B3 /* AuthViewController.swift */; };
		A065B3572B247E4D00589B98 /* TabDetail.swift in Sources */ = {isa = PBXBuildFile; fileRef = A065B3562B247E4D00589B98 /* TabDetail.swift */; };
		A06893FF2B3D55E3000FA577 /* NetworkManager.swift in Sources */ = {isa = PBXBuildFile; fileRef = A06893FE2B3D55E3000FA577 /* NetworkManager.swift */; };
		A06894012B3D774D000FA577 /* UIView+extension.swift in Sources */ = {isa = PBXBuildFile; fileRef = A06894002B3D774D000FA577 /* UIView+extension.swift */; };
		A06894032B3D7786000FA577 /* UIStackView+extension.swift in Sources */ = {isa = PBXBuildFile; fileRef = A06894022B3D7786000FA577 /* UIStackView+extension.swift */; };
		A06B184F2B357BE800F3FC0B /* RequestProtocol.swift in Sources */ = {isa = PBXBuildFile; fileRef = A06B184E2B357BE800F3FC0B /* RequestProtocol.swift */; };
		A06B18542B357C2300F3FC0B /* Alamofire in Frameworks */ = {isa = PBXBuildFile; productRef = A06B18532B357C2300F3FC0B /* Alamofire */; };
		A06B185C2B35A85400F3FC0B /* NetworkError.swift in Sources */ = {isa = PBXBuildFile; fileRef = A06B185B2B35A85400F3FC0B /* NetworkError.swift */; };
		A06B18672B35C2D900F3FC0B /* LoginModel.swift in Sources */ = {isa = PBXBuildFile; fileRef = A06B18662B35C2D900F3FC0B /* LoginModel.swift */; };
		A06B186B2B35C41B00F3FC0B /* ProfileModel.swift in Sources */ = {isa = PBXBuildFile; fileRef = A06B186A2B35C41B00F3FC0B /* ProfileModel.swift */; };
		A06B186D2B35C4A900F3FC0B /* LogoutModel.swift in Sources */ = {isa = PBXBuildFile; fileRef = A06B186C2B35C4A900F3FC0B /* LogoutModel.swift */; };
		A08CCC1F2B28359100EAC318 /* MainRouter.swift in Sources */ = {isa = PBXBuildFile; fileRef = A08CCC1E2B28359100EAC318 /* MainRouter.swift */; };
		A0A572AF2B245844000452DF /* BaseTabBarController.swift in Sources */ = {isa = PBXBuildFile; fileRef = A0A572AE2B245844000452DF /* BaseTabBarController.swift */; };
		A0A572B22B245B4F000452DF /* MainViewController.swift in Sources */ = {isa = PBXBuildFile; fileRef = A0A572B12B245B4F000452DF /* MainViewController.swift */; };
		A0A572B42B245B6E000452DF /* MainPresenter.swift in Sources */ = {isa = PBXBuildFile; fileRef = A0A572B32B245B6E000452DF /* MainPresenter.swift */; };
		A0A572B62B245B7B000452DF /* MainAssembler.swift in Sources */ = {isa = PBXBuildFile; fileRef = A0A572B52B245B7B000452DF /* MainAssembler.swift */; };
		A0A572B82B24676C000452DF /* BaseViewProtocol.swift in Sources */ = {isa = PBXBuildFile; fileRef = A0A572B72B24676C000452DF /* BaseViewProtocol.swift */; };
		A0A572BA2B2467BD000452DF /* BasePresenterProtocol.swift in Sources */ = {isa = PBXBuildFile; fileRef = A0A572B92B2467BD000452DF /* BasePresenterProtocol.swift */; };
		A0A6A6DA2B3973810091C4D7 /* AuthService.swift in Sources */ = {isa = PBXBuildFile; fileRef = A0A6A6D92B3973810091C4D7 /* AuthService.swift */; };
		A0A6A6DC2B3984420091C4D7 /* KeychainManager.swift in Sources */ = {isa = PBXBuildFile; fileRef = A0A6A6DB2B3984420091C4D7 /* KeychainManager.swift */; };
		A0A6A6E02B39912D0091C4D7 /* Encodable+extension.swift in Sources */ = {isa = PBXBuildFile; fileRef = A0A6A6DF2B39912D0091C4D7 /* Encodable+extension.swift */; };
		A0A6A6E22B39950B0091C4D7 /* AFResult.swift in Sources */ = {isa = PBXBuildFile; fileRef = A0A6A6E12B39950B0091C4D7 /* AFResult.swift */; };
/* End PBXBuildFile section */

/* Begin PBXFileReference section */
		747CC16D2B1FA3A50017DBA0 /* LingvaVestra.app */ = {isa = PBXFileReference; explicitFileType = wrapper.application; includeInIndex = 0; path = LingvaVestra.app; sourceTree = BUILT_PRODUCTS_DIR; };
		747CC1702B1FA3A50017DBA0 /* AppDelegate.swift */ = {isa = PBXFileReference; lastKnownFileType = sourcecode.swift; path = AppDelegate.swift; sourceTree = "<group>"; };
		747CC1722B1FA3A50017DBA0 /* SceneDelegate.swift */ = {isa = PBXFileReference; lastKnownFileType = sourcecode.swift; path = SceneDelegate.swift; sourceTree = "<group>"; };
		747CC1792B1FA3A60017DBA0 /* Assets.xcassets */ = {isa = PBXFileReference; lastKnownFileType = folder.assetcatalog; path = Assets.xcassets; sourceTree = "<group>"; };
		747CC17C2B1FA3A60017DBA0 /* Base */ = {isa = PBXFileReference; lastKnownFileType = file.storyboard; name = Base; path = Base.lproj/LaunchScreen.storyboard; sourceTree = "<group>"; };
		747CC17E2B1FA3A60017DBA0 /* Info.plist */ = {isa = PBXFileReference; lastKnownFileType = text.plist.xml; path = Info.plist; sourceTree = "<group>"; };
		74A8239F2B4DD97E0077935D /* Colors.xcassets */ = {isa = PBXFileReference; lastKnownFileType = folder.assetcatalog; path = Colors.xcassets; sourceTree = "<group>"; };
		74A823A32B4DE2A10077935D /* XCAssets+Generated.swift */ = {isa = PBXFileReference; fileEncoding = 4; lastKnownFileType = sourcecode.swift; path = "XCAssets+Generated.swift"; sourceTree = "<group>"; };
		74BF4AE52B4C32FB009BBD9B /* Localizable.strings */ = {isa = PBXFileReference; lastKnownFileType = text.plist.strings; path = Localizable.strings; sourceTree = "<group>"; };
		74BF4AE72B4C3397009BBD9B /* Strings+Generated.swift */ = {isa = PBXFileReference; fileEncoding = 4; lastKnownFileType = sourcecode.swift; path = "Strings+Generated.swift"; sourceTree = "<group>"; };
		A0451E082B3301F400DBAD47 /* DictionaryViewController.swift */ = {isa = PBXFileReference; lastKnownFileType = sourcecode.swift; path = DictionaryViewController.swift; sourceTree = "<group>"; };
		A0451E0A2B33020200DBAD47 /* DictionaryPresenter.swift */ = {isa = PBXFileReference; lastKnownFileType = sourcecode.swift; path = DictionaryPresenter.swift; sourceTree = "<group>"; };
		A0451E0C2B33020E00DBAD47 /* DictionaryAssembler.swift */ = {isa = PBXFileReference; lastKnownFileType = sourcecode.swift; path = DictionaryAssembler.swift; sourceTree = "<group>"; };
		A0451E0E2B33021700DBAD47 /* DictionaryRouter.swift */ = {isa = PBXFileReference; lastKnownFileType = sourcecode.swift; path = DictionaryRouter.swift; sourceTree = "<group>"; };
		A0451E102B3303CA00DBAD47 /* ProfileViewController.swift */ = {isa = PBXFileReference; lastKnownFileType = sourcecode.swift; path = ProfileViewController.swift; sourceTree = "<group>"; };
		A0451E122B3303D500DBAD47 /* ProfilePresenter.swift */ = {isa = PBXFileReference; lastKnownFileType = sourcecode.swift; path = ProfilePresenter.swift; sourceTree = "<group>"; };
		A0451E142B3303DC00DBAD47 /* ProfileAssembler.swift */ = {isa = PBXFileReference; lastKnownFileType = sourcecode.swift; path = ProfileAssembler.swift; sourceTree = "<group>"; };
		A0451E162B3303E700DBAD47 /* ProfileRouter.swift */ = {isa = PBXFileReference; lastKnownFileType = sourcecode.swift; path = ProfileRouter.swift; sourceTree = "<group>"; };
		A05074E92B46D4DD00BDF6F0 /* UserPhotoView.swift */ = {isa = PBXFileReference; lastKnownFileType = sourcecode.swift; path = UserPhotoView.swift; sourceTree = "<group>"; };
		A05074EB2B46D5EB00BDF6F0 /* BaseView.swift */ = {isa = PBXFileReference; lastKnownFileType = sourcecode.swift; path = BaseView.swift; sourceTree = "<group>"; };
		A05074F02B46DEFD00BDF6F0 /* ProfileHeaderView.swift */ = {isa = PBXFileReference; lastKnownFileType = sourcecode.swift; path = ProfileHeaderView.swift; sourceTree = "<group>"; };
		A054D5BC2B21DEE800BC30B3 /* BaseViewController.swift */ = {isa = PBXFileReference; lastKnownFileType = sourcecode.swift; path = BaseViewController.swift; sourceTree = "<group>"; };
		A054D5BE2B22FB2300BC30B3 /* NavigationManager.swift */ = {isa = PBXFileReference; lastKnownFileType = sourcecode.swift; path = NavigationManager.swift; sourceTree = "<group>"; };
		A054D5C02B2302F300BC30B3 /* AuthViewController.swift */ = {isa = PBXFileReference; lastKnownFileType = sourcecode.swift; path = AuthViewController.swift; sourceTree = "<group>"; };
		A065B3562B247E4D00589B98 /* TabDetail.swift */ = {isa = PBXFileReference; lastKnownFileType = sourcecode.swift; path = TabDetail.swift; sourceTree = "<group>"; };
		A06893FE2B3D55E3000FA577 /* NetworkManager.swift */ = {isa = PBXFileReference; lastKnownFileType = sourcecode.swift; path = NetworkManager.swift; sourceTree = "<group>"; };
		A06894002B3D774D000FA577 /* UIView+extension.swift */ = {isa = PBXFileReference; lastKnownFileType = sourcecode.swift; path = "UIView+extension.swift"; sourceTree = "<group>"; };
		A06894022B3D7786000FA577 /* UIStackView+extension.swift */ = {isa = PBXFileReference; lastKnownFileType = sourcecode.swift; path = "UIStackView+extension.swift"; sourceTree = "<group>"; };
		A06B184E2B357BE800F3FC0B /* RequestProtocol.swift */ = {isa = PBXFileReference; lastKnownFileType = sourcecode.swift; path = RequestProtocol.swift; sourceTree = "<group>"; };
		A06B185B2B35A85400F3FC0B /* NetworkError.swift */ = {isa = PBXFileReference; lastKnownFileType = sourcecode.swift; path = NetworkError.swift; sourceTree = "<group>"; };
		A06B18662B35C2D900F3FC0B /* LoginModel.swift */ = {isa = PBXFileReference; lastKnownFileType = sourcecode.swift; path = LoginModel.swift; sourceTree = "<group>"; };
		A06B186A2B35C41B00F3FC0B /* ProfileModel.swift */ = {isa = PBXFileReference; lastKnownFileType = sourcecode.swift; path = ProfileModel.swift; sourceTree = "<group>"; };
		A06B186C2B35C4A900F3FC0B /* LogoutModel.swift */ = {isa = PBXFileReference; lastKnownFileType = sourcecode.swift; path = LogoutModel.swift; sourceTree = "<group>"; };
		A08CCC1E2B28359100EAC318 /* MainRouter.swift */ = {isa = PBXFileReference; lastKnownFileType = sourcecode.swift; path = MainRouter.swift; sourceTree = "<group>"; };
		A0A572AE2B245844000452DF /* BaseTabBarController.swift */ = {isa = PBXFileReference; lastKnownFileType = sourcecode.swift; path = BaseTabBarController.swift; sourceTree = "<group>"; };
		A0A572B12B245B4F000452DF /* MainViewController.swift */ = {isa = PBXFileReference; lastKnownFileType = sourcecode.swift; path = MainViewController.swift; sourceTree = "<group>"; };
		A0A572B32B245B6E000452DF /* MainPresenter.swift */ = {isa = PBXFileReference; lastKnownFileType = sourcecode.swift; path = MainPresenter.swift; sourceTree = "<group>"; };
		A0A572B52B245B7B000452DF /* MainAssembler.swift */ = {isa = PBXFileReference; lastKnownFileType = sourcecode.swift; path = MainAssembler.swift; sourceTree = "<group>"; };
		A0A572B72B24676C000452DF /* BaseViewProtocol.swift */ = {isa = PBXFileReference; lastKnownFileType = sourcecode.swift; path = BaseViewProtocol.swift; sourceTree = "<group>"; };
		A0A572B92B2467BD000452DF /* BasePresenterProtocol.swift */ = {isa = PBXFileReference; lastKnownFileType = sourcecode.swift; path = BasePresenterProtocol.swift; sourceTree = "<group>"; };
		A0A6A6D92B3973810091C4D7 /* AuthService.swift */ = {isa = PBXFileReference; lastKnownFileType = sourcecode.swift; path = AuthService.swift; sourceTree = "<group>"; };
		A0A6A6DB2B3984420091C4D7 /* KeychainManager.swift */ = {isa = PBXFileReference; lastKnownFileType = sourcecode.swift; path = KeychainManager.swift; sourceTree = "<group>"; };
		A0A6A6DF2B39912D0091C4D7 /* Encodable+extension.swift */ = {isa = PBXFileReference; lastKnownFileType = sourcecode.swift; path = "Encodable+extension.swift"; sourceTree = "<group>"; };
		A0A6A6E12B39950B0091C4D7 /* AFResult.swift */ = {isa = PBXFileReference; lastKnownFileType = sourcecode.swift; path = AFResult.swift; sourceTree = "<group>"; };
/* End PBXFileReference section */

/* Begin PBXFrameworksBuildPhase section */
		747CC16A2B1FA3A50017DBA0 /* Frameworks */ = {
			isa = PBXFrameworksBuildPhase;
			buildActionMask = 2147483647;
			files = (
				A05074EF2B46DA6400BDF6F0 /* Kingfisher in Frameworks */,
				A06B18542B357C2300F3FC0B /* Alamofire in Frameworks */,
				A0059D232B205AA4001C3CE5 /* SnapKit in Frameworks */,
				A0059D252B205AA4001C3CE5 /* SnapKit-Dynamic in Frameworks */,
			);
			runOnlyForDeploymentPostprocessing = 0;
		};
/* End PBXFrameworksBuildPhase section */

/* Begin PBXGroup section */
		747CC1642B1FA3A50017DBA0 = {
			isa = PBXGroup;
			children = (
				747CC16F2B1FA3A50017DBA0 /* LingvaVestra */,
				747CC16E2B1FA3A50017DBA0 /* Products */,
			);
			sourceTree = "<group>";
		};
		747CC16E2B1FA3A50017DBA0 /* Products */ = {
			isa = PBXGroup;
			children = (
				747CC16D2B1FA3A50017DBA0 /* LingvaVestra.app */,
			);
			name = Products;
			sourceTree = "<group>";
		};
		747CC16F2B1FA3A50017DBA0 /* LingvaVestra */ = {
			isa = PBXGroup;
			children = (
				A06B184C2B35781A00F3FC0B /* Application */,
				A06B18652B35C2C800F3FC0B /* Models */,
				A06B18492B3576F900F3FC0B /* Scenes */,
				A05074E62B46D3F200BDF6F0 /* Components */,
				A0E0271C2B4059DA00F44F2B /* Services */,
				A06B18472B3576C800F3FC0B /* Managers */,
				A06B18482B3576DD00F3FC0B /* Common */,
				A0A6A6DE2B3991160091C4D7 /* Extensions */,
				A06B184B2B35780C00F3FC0B /* Storyboards */,
				A06B184A2B35777E00F3FC0B /* Resources */,
				74BF4AEA2B4C4A51009BBD9B /* SwiftGen */,
			);
			path = LingvaVestra;
			sourceTree = "<group>";
		};
		74BF4AEA2B4C4A51009BBD9B /* SwiftGen */ = {
			isa = PBXGroup;
			children = (
				74BF4AE72B4C3397009BBD9B /* Strings+Generated.swift */,
				74A823A32B4DE2A10077935D /* XCAssets+Generated.swift */,
			);
			path = SwiftGen;
			sourceTree = "<group>";
		};
		A0451E062B33019A00DBAD47 /* Dictionary */ = {
			isa = PBXGroup;
			children = (
				A0451E082B3301F400DBAD47 /* DictionaryViewController.swift */,
				A0451E0A2B33020200DBAD47 /* DictionaryPresenter.swift */,
				A0451E0E2B33021700DBAD47 /* DictionaryRouter.swift */,
				A0451E0C2B33020E00DBAD47 /* DictionaryAssembler.swift */,
			);
			path = Dictionary;
			sourceTree = "<group>";
		};
		A0451E072B3301A600DBAD47 /* Profile */ = {
			isa = PBXGroup;
			children = (
				A0451E102B3303CA00DBAD47 /* ProfileViewController.swift */,
				A0451E122B3303D500DBAD47 /* ProfilePresenter.swift */,
				A0451E162B3303E700DBAD47 /* ProfileRouter.swift */,
				A0451E142B3303DC00DBAD47 /* ProfileAssembler.swift */,
			);
			path = Profile;
			sourceTree = "<group>";
		};
		A048BFC32B2493FA000E714B /* Base */ = {
			isa = PBXGroup;
			children = (
				A054D5BC2B21DEE800BC30B3 /* BaseViewController.swift */,
				A0A572AE2B245844000452DF /* BaseTabBarController.swift */,
				A0A572B72B24676C000452DF /* BaseViewProtocol.swift */,
				A0A572B92B2467BD000452DF /* BasePresenterProtocol.swift */,
				A05074EB2B46D5EB00BDF6F0 /* BaseView.swift */,
			);
			path = Base;
			sourceTree = "<group>";
		};
		A05074E62B46D3F200BDF6F0 /* Components */ = {
			isa = PBXGroup;
			children = (
				A05074E72B46D42600BDF6F0 /* Views */,
			);
			path = Components;
			sourceTree = "<group>";
		};
		A05074E72B46D42600BDF6F0 /* Views */ = {
			isa = PBXGroup;
			children = (
				A05074E82B46D4A800BDF6F0 /* Profile */,
			);
			path = Views;
			sourceTree = "<group>";
		};
		A05074E82B46D4A800BDF6F0 /* Profile */ = {
			isa = PBXGroup;
			children = (
				A05074E92B46D4DD00BDF6F0 /* UserPhotoView.swift */,
				A05074F02B46DEFD00BDF6F0 /* ProfileHeaderView.swift */,
			);
			path = Profile;
			sourceTree = "<group>";
		};
		A065B3582B24817900589B98 /* RootTabBar */ = {
			isa = PBXGroup;
			children = (
				A0A572B02B245B08000452DF /* Main */,
				A0451E062B33019A00DBAD47 /* Dictionary */,
				A0451E072B3301A600DBAD47 /* Profile */,
			);
			path = RootTabBar;
			sourceTree = "<group>";
		};
		A06B18472B3576C800F3FC0B /* Managers */ = {
			isa = PBXGroup;
			children = (
				A06B184D2B357BD000F3FC0B /* Networking */,
				A06B18582B357C8A00F3FC0B /* Navigation */,
				A0A6A6DD2B3988120091C4D7 /* Storage */,
			);
			path = Managers;
			sourceTree = "<group>";
		};
		A06B18482B3576DD00F3FC0B /* Common */ = {
			isa = PBXGroup;
			children = (
				A065B3562B247E4D00589B98 /* TabDetail.swift */,
				A048BFC32B2493FA000E714B /* Base */,
			);
			path = Common;
			sourceTree = "<group>";
		};
		A06B18492B3576F900F3FC0B /* Scenes */ = {
			isa = PBXGroup;
			children = (
				A054D5C02B2302F300BC30B3 /* AuthViewController.swift */,
				A065B3582B24817900589B98 /* RootTabBar */,
			);
			path = Scenes;
			sourceTree = "<group>";
		};
		A06B184A2B35777E00F3FC0B /* Resources */ = {
			isa = PBXGroup;
			children = (
				747CC1792B1FA3A60017DBA0 /* Assets.xcassets */,
				74A8239F2B4DD97E0077935D /* Colors.xcassets */,
				74BF4AE52B4C32FB009BBD9B /* Localizable.strings */,
				747CC17E2B1FA3A60017DBA0 /* Info.plist */,
			);
			path = Resources;
			sourceTree = "<group>";
		};
		A06B184B2B35780C00F3FC0B /* Storyboards */ = {
			isa = PBXGroup;
			children = (
				747CC17B2B1FA3A60017DBA0 /* LaunchScreen.storyboard */,
			);
			path = Storyboards;
			sourceTree = "<group>";
		};
		A06B184C2B35781A00F3FC0B /* Application */ = {
			isa = PBXGroup;
			children = (
				747CC1702B1FA3A50017DBA0 /* AppDelegate.swift */,
				747CC1722B1FA3A50017DBA0 /* SceneDelegate.swift */,
			);
			path = Application;
			sourceTree = "<group>";
		};
		A06B184D2B357BD000F3FC0B /* Networking */ = {
			isa = PBXGroup;
			children = (
				A06893FE2B3D55E3000FA577 /* NetworkManager.swift */,
				A06B184E2B357BE800F3FC0B /* RequestProtocol.swift */,
				A06B185B2B35A85400F3FC0B /* NetworkError.swift */,
				A0A6A6E12B39950B0091C4D7 /* AFResult.swift */,
			);
			path = Networking;
			sourceTree = "<group>";
		};
		A06B18582B357C8A00F3FC0B /* Navigation */ = {
			isa = PBXGroup;
			children = (
				A054D5BE2B22FB2300BC30B3 /* NavigationManager.swift */,
			);
			path = Navigation;
			sourceTree = "<group>";
		};
		A06B18652B35C2C800F3FC0B /* Models */ = {
			isa = PBXGroup;
			children = (
				A06B18662B35C2D900F3FC0B /* LoginModel.swift */,
				A06B186A2B35C41B00F3FC0B /* ProfileModel.swift */,
				A06B186C2B35C4A900F3FC0B /* LogoutModel.swift */,
			);
			path = Models;
			sourceTree = "<group>";
		};
		A0A572B02B245B08000452DF /* Main */ = {
			isa = PBXGroup;
			children = (
				A0A572B12B245B4F000452DF /* MainViewController.swift */,
				A0A572B32B245B6E000452DF /* MainPresenter.swift */,
				A08CCC1E2B28359100EAC318 /* MainRouter.swift */,
				A0A572B52B245B7B000452DF /* MainAssembler.swift */,
			);
			path = Main;
			sourceTree = "<group>";
		};
		A0A6A6DD2B3988120091C4D7 /* Storage */ = {
			isa = PBXGroup;
			children = (
				A0A6A6DB2B3984420091C4D7 /* KeychainManager.swift */,
			);
			path = Storage;
			sourceTree = "<group>";
		};
		A0A6A6DE2B3991160091C4D7 /* Extensions */ = {
			isa = PBXGroup;
			children = (
				A0A6A6DF2B39912D0091C4D7 /* Encodable+extension.swift */,
				A06894002B3D774D000FA577 /* UIView+extension.swift */,
				A06894022B3D7786000FA577 /* UIStackView+extension.swift */,
			);
			path = Extensions;
			sourceTree = "<group>";
		};
		A0E0271C2B4059DA00F44F2B /* Services */ = {
			isa = PBXGroup;
			children = (
				A0A6A6D92B3973810091C4D7 /* AuthService.swift */,
			);
			path = Services;
			sourceTree = "<group>";
		};
/* End PBXGroup section */

/* Begin PBXNativeTarget section */
		747CC16C2B1FA3A50017DBA0 /* LingvaVestra */ = {
			isa = PBXNativeTarget;
			buildConfigurationList = 747CC1812B1FA3A60017DBA0 /* Build configuration list for PBXNativeTarget "LingvaVestra" */;
			buildPhases = (
				74BF4AE92B4C3842009BBD9B /* SwiftGen */,
				A0634B332B209715006A4605 /* Swiftlint */,
				747CC1692B1FA3A50017DBA0 /* Sources */,
				747CC16A2B1FA3A50017DBA0 /* Frameworks */,
				747CC16B2B1FA3A50017DBA0 /* Resources */,
			);
			buildRules = (
			);
			dependencies = (
			);
			name = LingvaVestra;
			packageProductDependencies = (
				A0059D222B205AA4001C3CE5 /* SnapKit */,
				A0059D242B205AA4001C3CE5 /* SnapKit-Dynamic */,
				A06B18532B357C2300F3FC0B /* Alamofire */,
				A05074EE2B46DA6400BDF6F0 /* Kingfisher */,
			);
			productName = LingvaVestra;
			productReference = 747CC16D2B1FA3A50017DBA0 /* LingvaVestra.app */;
			productType = "com.apple.product-type.application";
		};
/* End PBXNativeTarget section */

/* Begin PBXProject section */
		747CC1652B1FA3A50017DBA0 /* Project object */ = {
			isa = PBXProject;
			attributes = {
				BuildIndependentTargetsInParallel = 1;
				LastSwiftUpdateCheck = 1500;
				LastUpgradeCheck = 1500;
				TargetAttributes = {
					747CC16C2B1FA3A50017DBA0 = {
						CreatedOnToolsVersion = 15.0.1;
					};
				};
			};
			buildConfigurationList = 747CC1682B1FA3A50017DBA0 /* Build configuration list for PBXProject "LingvaVestra" */;
			compatibilityVersion = "Xcode 14.0";
			developmentRegion = en;
			hasScannedForEncodings = 0;
			knownRegions = (
				en,
				Base,
			);
			mainGroup = 747CC1642B1FA3A50017DBA0;
			packageReferences = (
				A0059D212B205AA4001C3CE5 /* XCRemoteSwiftPackageReference "SnapKit" */,
				A06B18522B357C2300F3FC0B /* XCRemoteSwiftPackageReference "Alamofire" */,
				A05074ED2B46DA6400BDF6F0 /* XCRemoteSwiftPackageReference "Kingfisher" */,
			);
			productRefGroup = 747CC16E2B1FA3A50017DBA0 /* Products */;
			projectDirPath = "";
			projectRoot = "";
			targets = (
				747CC16C2B1FA3A50017DBA0 /* LingvaVestra */,
			);
		};
/* End PBXProject section */

/* Begin PBXResourcesBuildPhase section */
		747CC16B2B1FA3A50017DBA0 /* Resources */ = {
			isa = PBXResourcesBuildPhase;
			buildActionMask = 2147483647;
			files = (
				747CC17D2B1FA3A60017DBA0 /* LaunchScreen.storyboard in Resources */,
				74A823A02B4DD97E0077935D /* Colors.xcassets in Resources */,
				74BF4AE62B4C32FB009BBD9B /* Localizable.strings in Resources */,
				747CC17A2B1FA3A60017DBA0 /* Assets.xcassets in Resources */,
			);
			runOnlyForDeploymentPostprocessing = 0;
		};
/* End PBXResourcesBuildPhase section */

/* Begin PBXShellScriptBuildPhase section */
		74BF4AE92B4C3842009BBD9B /* SwiftGen */ = {
			isa = PBXShellScriptBuildPhase;
			alwaysOutOfDate = 1;
			buildActionMask = 2147483647;
			files = (
			);
			inputFileListPaths = (
			);
			inputPaths = (
			);
			name = SwiftGen;
			outputFileListPaths = (
			);
			outputPaths = (
			);
			runOnlyForDeploymentPostprocessing = 0;
			shellPath = /bin/sh;
			shellScript = "if test -d \"/opt/homebrew/bin/\"; then\n  PATH=\"/opt/homebrew/bin/:${PATH}\"\nfi\n\nexport PATH \n\nif which swiftgen >/dev/null; then\n    swiftgen\nelse\n    echo \"error: SwiftGen not installed, run 'brew install swiftgen' or install via CocoaPods/Swift Package Manager\"\n    exit 1\nfi\n";
		};
		A0634B332B209715006A4605 /* Swiftlint */ = {
			isa = PBXShellScriptBuildPhase;
			alwaysOutOfDate = 1;
			buildActionMask = 2147483647;
			files = (
			);
			inputFileListPaths = (
			);
			inputPaths = (
			);
			name = Swiftlint;
			outputFileListPaths = (
			);
			outputPaths = (
			);
			runOnlyForDeploymentPostprocessing = 0;
			shellPath = /bin/sh;
			shellScript = "if test -d \"/opt/homebrew/bin/\"; then\n  PATH=\"/opt/homebrew/bin/:${PATH}\"\nfi\n\nexport PATH\n\nif which swiftlint >/dev/null; then\n    swiftlint\nelse\n    echo \"warning: SwiftLint not installed, download from https://github.com/realm/SwiftLint\"\nfi\n";
		};
/* End PBXShellScriptBuildPhase section */

/* Begin PBXSourcesBuildPhase section */
		747CC1692B1FA3A50017DBA0 /* Sources */ = {
			isa = PBXSourcesBuildPhase;
			buildActionMask = 2147483647;
			files = (
				A0451E0F2B33021700DBAD47 /* DictionaryRouter.swift in Sources */,
				A0451E092B3301F400DBAD47 /* DictionaryViewController.swift in Sources */,
				A0A572AF2B245844000452DF /* BaseTabBarController.swift in Sources */,
				A0451E0B2B33020200DBAD47 /* DictionaryPresenter.swift in Sources */,
				A0A6A6E02B39912D0091C4D7 /* Encodable+extension.swift in Sources */,
				74A823A42B4DE2A10077935D /* XCAssets+Generated.swift in Sources */,
				A06B186D2B35C4A900F3FC0B /* LogoutModel.swift in Sources */,
				A08CCC1F2B28359100EAC318 /* MainRouter.swift in Sources */,
				A054D5C12B2302F300BC30B3 /* AuthViewController.swift in Sources */,
				A0A6A6DC2B3984420091C4D7 /* KeychainManager.swift in Sources */,
				A054D5BD2B21DEE800BC30B3 /* BaseViewController.swift in Sources */,
				A05074EA2B46D4DD00BDF6F0 /* UserPhotoView.swift in Sources */,
				A0A572B42B245B6E000452DF /* MainPresenter.swift in Sources */,
				A0451E112B3303CA00DBAD47 /* ProfileViewController.swift in Sources */,
				A06894032B3D7786000FA577 /* UIStackView+extension.swift in Sources */,
				A0451E172B3303E700DBAD47 /* ProfileRouter.swift in Sources */,
				747CC1712B1FA3A50017DBA0 /* AppDelegate.swift in Sources */,
				A06B186B2B35C41B00F3FC0B /* ProfileModel.swift in Sources */,
				A0A6A6DA2B3973810091C4D7 /* AuthService.swift in Sources */,
				A0451E152B3303DC00DBAD47 /* ProfileAssembler.swift in Sources */,
				A0A6A6E22B39950B0091C4D7 /* AFResult.swift in Sources */,
				A06894012B3D774D000FA577 /* UIView+extension.swift in Sources */,
				A06893FF2B3D55E3000FA577 /* NetworkManager.swift in Sources */,
				747CC1732B1FA3A50017DBA0 /* SceneDelegate.swift in Sources */,
				A054D5BF2B22FB2300BC30B3 /* NavigationManager.swift in Sources */,
				A0A572BA2B2467BD000452DF /* BasePresenterProtocol.swift in Sources */,
				A0A572B22B245B4F000452DF /* MainViewController.swift in Sources */,
				A0451E0D2B33020E00DBAD47 /* DictionaryAssembler.swift in Sources */,
				A06B185C2B35A85400F3FC0B /* NetworkError.swift in Sources */,
				A0A572B82B24676C000452DF /* BaseViewProtocol.swift in Sources */,
				74BF4AE82B4C3397009BBD9B /* Strings+Generated.swift in Sources */,
				A06B18672B35C2D900F3FC0B /* LoginModel.swift in Sources */,
				A065B3572B247E4D00589B98 /* TabDetail.swift in Sources */,
				A05074F12B46DEFD00BDF6F0 /* ProfileHeaderView.swift in Sources */,
				A0451E132B3303D500DBAD47 /* ProfilePresenter.swift in Sources */,
				A05074EC2B46D5EB00BDF6F0 /* BaseView.swift in Sources */,
				A06B184F2B357BE800F3FC0B /* RequestProtocol.swift in Sources */,
				A0A572B62B245B7B000452DF /* MainAssembler.swift in Sources */,
			);
			runOnlyForDeploymentPostprocessing = 0;
		};
/* End PBXSourcesBuildPhase section */

/* Begin PBXVariantGroup section */
		747CC17B2B1FA3A60017DBA0 /* LaunchScreen.storyboard */ = {
			isa = PBXVariantGroup;
			children = (
				747CC17C2B1FA3A60017DBA0 /* Base */,
			);
			name = LaunchScreen.storyboard;
			sourceTree = "<group>";
		};
/* End PBXVariantGroup section */

/* Begin XCBuildConfiguration section */
		747CC17F2B1FA3A60017DBA0 /* Debug */ = {
			isa = XCBuildConfiguration;
			buildSettings = {
				ALWAYS_SEARCH_USER_PATHS = NO;
				ASSETCATALOG_COMPILER_GENERATE_SWIFT_ASSET_SYMBOL_EXTENSIONS = YES;
				CLANG_ANALYZER_NONNULL = YES;
				CLANG_ANALYZER_NUMBER_OBJECT_CONVERSION = YES_AGGRESSIVE;
				CLANG_CXX_LANGUAGE_STANDARD = "gnu++20";
				CLANG_ENABLE_MODULES = YES;
				CLANG_ENABLE_OBJC_ARC = YES;
				CLANG_ENABLE_OBJC_WEAK = YES;
				CLANG_WARN_BLOCK_CAPTURE_AUTORELEASING = YES;
				CLANG_WARN_BOOL_CONVERSION = YES;
				CLANG_WARN_COMMA = YES;
				CLANG_WARN_CONSTANT_CONVERSION = YES;
				CLANG_WARN_DEPRECATED_OBJC_IMPLEMENTATIONS = YES;
				CLANG_WARN_DIRECT_OBJC_ISA_USAGE = YES_ERROR;
				CLANG_WARN_DOCUMENTATION_COMMENTS = YES;
				CLANG_WARN_EMPTY_BODY = YES;
				CLANG_WARN_ENUM_CONVERSION = YES;
				CLANG_WARN_INFINITE_RECURSION = YES;
				CLANG_WARN_INT_CONVERSION = YES;
				CLANG_WARN_NON_LITERAL_NULL_CONVERSION = YES;
				CLANG_WARN_OBJC_IMPLICIT_RETAIN_SELF = YES;
				CLANG_WARN_OBJC_LITERAL_CONVERSION = YES;
				CLANG_WARN_OBJC_ROOT_CLASS = YES_ERROR;
				CLANG_WARN_QUOTED_INCLUDE_IN_FRAMEWORK_HEADER = YES;
				CLANG_WARN_RANGE_LOOP_ANALYSIS = YES;
				CLANG_WARN_STRICT_PROTOTYPES = YES;
				CLANG_WARN_SUSPICIOUS_MOVE = YES;
				CLANG_WARN_UNGUARDED_AVAILABILITY = YES_AGGRESSIVE;
				CLANG_WARN_UNREACHABLE_CODE = YES;
				CLANG_WARN__DUPLICATE_METHOD_MATCH = YES;
				COPY_PHASE_STRIP = NO;
				DEBUG_INFORMATION_FORMAT = dwarf;
				ENABLE_STRICT_OBJC_MSGSEND = YES;
				ENABLE_TESTABILITY = YES;
				ENABLE_USER_SCRIPT_SANDBOXING = NO;
				GCC_C_LANGUAGE_STANDARD = gnu17;
				GCC_DYNAMIC_NO_PIC = NO;
				GCC_NO_COMMON_BLOCKS = YES;
				GCC_OPTIMIZATION_LEVEL = 0;
				GCC_PREPROCESSOR_DEFINITIONS = (
					"DEBUG=1",
					"$(inherited)",
				);
				GCC_WARN_64_TO_32_BIT_CONVERSION = YES;
				GCC_WARN_ABOUT_RETURN_TYPE = YES_ERROR;
				GCC_WARN_UNDECLARED_SELECTOR = YES;
				GCC_WARN_UNINITIALIZED_AUTOS = YES_AGGRESSIVE;
				GCC_WARN_UNUSED_FUNCTION = YES;
				GCC_WARN_UNUSED_VARIABLE = YES;
				IPHONEOS_DEPLOYMENT_TARGET = 15.0;
				LOCALIZATION_PREFERS_STRING_CATALOGS = YES;
				MTL_ENABLE_DEBUG_INFO = INCLUDE_SOURCE;
				MTL_FAST_MATH = YES;
				ONLY_ACTIVE_ARCH = YES;
				SDKROOT = iphoneos;
				SWIFT_ACTIVE_COMPILATION_CONDITIONS = "DEBUG $(inherited)";
				SWIFT_OPTIMIZATION_LEVEL = "-Onone";
			};
			name = Debug;
		};
		747CC1802B1FA3A60017DBA0 /* Release */ = {
			isa = XCBuildConfiguration;
			buildSettings = {
				ALWAYS_SEARCH_USER_PATHS = NO;
				ASSETCATALOG_COMPILER_GENERATE_SWIFT_ASSET_SYMBOL_EXTENSIONS = YES;
				CLANG_ANALYZER_NONNULL = YES;
				CLANG_ANALYZER_NUMBER_OBJECT_CONVERSION = YES_AGGRESSIVE;
				CLANG_CXX_LANGUAGE_STANDARD = "gnu++20";
				CLANG_ENABLE_MODULES = YES;
				CLANG_ENABLE_OBJC_ARC = YES;
				CLANG_ENABLE_OBJC_WEAK = YES;
				CLANG_WARN_BLOCK_CAPTURE_AUTORELEASING = YES;
				CLANG_WARN_BOOL_CONVERSION = YES;
				CLANG_WARN_COMMA = YES;
				CLANG_WARN_CONSTANT_CONVERSION = YES;
				CLANG_WARN_DEPRECATED_OBJC_IMPLEMENTATIONS = YES;
				CLANG_WARN_DIRECT_OBJC_ISA_USAGE = YES_ERROR;
				CLANG_WARN_DOCUMENTATION_COMMENTS = YES;
				CLANG_WARN_EMPTY_BODY = YES;
				CLANG_WARN_ENUM_CONVERSION = YES;
				CLANG_WARN_INFINITE_RECURSION = YES;
				CLANG_WARN_INT_CONVERSION = YES;
				CLANG_WARN_NON_LITERAL_NULL_CONVERSION = YES;
				CLANG_WARN_OBJC_IMPLICIT_RETAIN_SELF = YES;
				CLANG_WARN_OBJC_LITERAL_CONVERSION = YES;
				CLANG_WARN_OBJC_ROOT_CLASS = YES_ERROR;
				CLANG_WARN_QUOTED_INCLUDE_IN_FRAMEWORK_HEADER = YES;
				CLANG_WARN_RANGE_LOOP_ANALYSIS = YES;
				CLANG_WARN_STRICT_PROTOTYPES = YES;
				CLANG_WARN_SUSPICIOUS_MOVE = YES;
				CLANG_WARN_UNGUARDED_AVAILABILITY = YES_AGGRESSIVE;
				CLANG_WARN_UNREACHABLE_CODE = YES;
				CLANG_WARN__DUPLICATE_METHOD_MATCH = YES;
				COPY_PHASE_STRIP = NO;
				DEBUG_INFORMATION_FORMAT = "dwarf-with-dsym";
				ENABLE_NS_ASSERTIONS = NO;
				ENABLE_STRICT_OBJC_MSGSEND = YES;
				ENABLE_USER_SCRIPT_SANDBOXING = NO;
				GCC_C_LANGUAGE_STANDARD = gnu17;
				GCC_NO_COMMON_BLOCKS = YES;
				GCC_WARN_64_TO_32_BIT_CONVERSION = YES;
				GCC_WARN_ABOUT_RETURN_TYPE = YES_ERROR;
				GCC_WARN_UNDECLARED_SELECTOR = YES;
				GCC_WARN_UNINITIALIZED_AUTOS = YES_AGGRESSIVE;
				GCC_WARN_UNUSED_FUNCTION = YES;
				GCC_WARN_UNUSED_VARIABLE = YES;
				IPHONEOS_DEPLOYMENT_TARGET = 15.0;
				LOCALIZATION_PREFERS_STRING_CATALOGS = YES;
				MTL_ENABLE_DEBUG_INFO = NO;
				MTL_FAST_MATH = YES;
				SDKROOT = iphoneos;
				SWIFT_COMPILATION_MODE = wholemodule;
				VALIDATE_PRODUCT = YES;
			};
			name = Release;
		};
		747CC1822B1FA3A60017DBA0 /* Debug */ = {
			isa = XCBuildConfiguration;
			buildSettings = {
				ASSETCATALOG_COMPILER_APPICON_NAME = AppIcon;
				ASSETCATALOG_COMPILER_GLOBAL_ACCENT_COLOR_NAME = AccentColor;
				CODE_SIGN_STYLE = Automatic;
				CURRENT_PROJECT_VERSION = 1;
				DEVELOPMENT_TEAM = V772U6P2JT;
				GENERATE_INFOPLIST_FILE = YES;
				INFOPLIST_FILE = LingvaVestra/Resources/Info.plist;
				INFOPLIST_KEY_UIApplicationSupportsIndirectInputEvents = YES;
				INFOPLIST_KEY_UILaunchStoryboardName = LaunchScreen;
				INFOPLIST_KEY_UIMainStoryboardFile = "";
				INFOPLIST_KEY_UISupportedInterfaceOrientations_iPad = "UIInterfaceOrientationPortrait UIInterfaceOrientationPortraitUpsideDown UIInterfaceOrientationLandscapeLeft UIInterfaceOrientationLandscapeRight";
				INFOPLIST_KEY_UISupportedInterfaceOrientations_iPhone = "UIInterfaceOrientationPortrait UIInterfaceOrientationLandscapeLeft UIInterfaceOrientationLandscapeRight";
				IPHONEOS_DEPLOYMENT_TARGET = 15.0;
				LD_RUNPATH_SEARCH_PATHS = (
					"$(inherited)",
					"@executable_path/Frameworks",
				);
				MARKETING_VERSION = 1.0;
				PRODUCT_BUNDLE_IDENTIFIER = egor.kartashev.LingvaVestra;
				PRODUCT_NAME = "$(TARGET_NAME)";
				SWIFT_EMIT_LOC_STRINGS = YES;
				SWIFT_VERSION = 5.0;
				TARGETED_DEVICE_FAMILY = "1,2";
			};
			name = Debug;
		};
		747CC1832B1FA3A60017DBA0 /* Release */ = {
			isa = XCBuildConfiguration;
			buildSettings = {
				ASSETCATALOG_COMPILER_APPICON_NAME = AppIcon;
				ASSETCATALOG_COMPILER_GLOBAL_ACCENT_COLOR_NAME = AccentColor;
				CODE_SIGN_STYLE = Automatic;
				CURRENT_PROJECT_VERSION = 1;
				DEVELOPMENT_TEAM = V772U6P2JT;
				GENERATE_INFOPLIST_FILE = YES;
				INFOPLIST_FILE = LingvaVestra/Resources/Info.plist;
				INFOPLIST_KEY_UIApplicationSupportsIndirectInputEvents = YES;
				INFOPLIST_KEY_UILaunchStoryboardName = LaunchScreen;
				INFOPLIST_KEY_UIMainStoryboardFile = "";
				INFOPLIST_KEY_UISupportedInterfaceOrientations_iPad = "UIInterfaceOrientationPortrait UIInterfaceOrientationPortraitUpsideDown UIInterfaceOrientationLandscapeLeft UIInterfaceOrientationLandscapeRight";
				INFOPLIST_KEY_UISupportedInterfaceOrientations_iPhone = "UIInterfaceOrientationPortrait UIInterfaceOrientationLandscapeLeft UIInterfaceOrientationLandscapeRight";
				IPHONEOS_DEPLOYMENT_TARGET = 15.0;
				LD_RUNPATH_SEARCH_PATHS = (
					"$(inherited)",
					"@executable_path/Frameworks",
				);
				MARKETING_VERSION = 1.0;
				PRODUCT_BUNDLE_IDENTIFIER = egor.kartashev.LingvaVestra;
				PRODUCT_NAME = "$(TARGET_NAME)";
				SWIFT_EMIT_LOC_STRINGS = YES;
				SWIFT_VERSION = 5.0;
				TARGETED_DEVICE_FAMILY = "1,2";
			};
			name = Release;
		};
/* End XCBuildConfiguration section */

/* Begin XCConfigurationList section */
		747CC1682B1FA3A50017DBA0 /* Build configuration list for PBXProject "LingvaVestra" */ = {
			isa = XCConfigurationList;
			buildConfigurations = (
				747CC17F2B1FA3A60017DBA0 /* Debug */,
				747CC1802B1FA3A60017DBA0 /* Release */,
			);
			defaultConfigurationIsVisible = 0;
			defaultConfigurationName = Release;
		};
		747CC1812B1FA3A60017DBA0 /* Build configuration list for PBXNativeTarget "LingvaVestra" */ = {
			isa = XCConfigurationList;
			buildConfigurations = (
				747CC1822B1FA3A60017DBA0 /* Debug */,
				747CC1832B1FA3A60017DBA0 /* Release */,
			);
			defaultConfigurationIsVisible = 0;
			defaultConfigurationName = Release;
		};
/* End XCConfigurationList section */

/* Begin XCRemoteSwiftPackageReference section */
		A0059D212B205AA4001C3CE5 /* XCRemoteSwiftPackageReference "SnapKit" */ = {
			isa = XCRemoteSwiftPackageReference;
			repositoryURL = "https://github.com/SnapKit/SnapKit.git";
			requirement = {
				kind = upToNextMajorVersion;
				minimumVersion = 5.6.0;
			};
		};
		A05074ED2B46DA6400BDF6F0 /* XCRemoteSwiftPackageReference "Kingfisher" */ = {
			isa = XCRemoteSwiftPackageReference;
			repositoryURL = "https://github.com/onevcat/Kingfisher.git";
			requirement = {
				kind = upToNextMajorVersion;
				minimumVersion = 7.10.1;
			};
		};
		A06B18522B357C2300F3FC0B /* XCRemoteSwiftPackageReference "Alamofire" */ = {
			isa = XCRemoteSwiftPackageReference;
			repositoryURL = "https://github.com/Alamofire/Alamofire.git";
			requirement = {
				kind = upToNextMajorVersion;
				minimumVersion = 5.8.1;
			};
		};
/* End XCRemoteSwiftPackageReference section */

/* Begin XCSwiftPackageProductDependency section */
		A0059D222B205AA4001C3CE5 /* SnapKit */ = {
			isa = XCSwiftPackageProductDependency;
			package = A0059D212B205AA4001C3CE5 /* XCRemoteSwiftPackageReference "SnapKit" */;
			productName = SnapKit;
		};
		A0059D242B205AA4001C3CE5 /* SnapKit-Dynamic */ = {
			isa = XCSwiftPackageProductDependency;
			package = A0059D212B205AA4001C3CE5 /* XCRemoteSwiftPackageReference "SnapKit" */;
			productName = "SnapKit-Dynamic";
		};
		A05074EE2B46DA6400BDF6F0 /* Kingfisher */ = {
			isa = XCSwiftPackageProductDependency;
			package = A05074ED2B46DA6400BDF6F0 /* XCRemoteSwiftPackageReference "Kingfisher" */;
			productName = Kingfisher;
		};
		A06B18532B357C2300F3FC0B /* Alamofire */ = {
			isa = XCSwiftPackageProductDependency;
			package = A06B18522B357C2300F3FC0B /* XCRemoteSwiftPackageReference "Alamofire" */;
			productName = Alamofire;
		};
/* End XCSwiftPackageProductDependency section */
	};
	rootObject = 747CC1652B1FA3A50017DBA0 /* Project object */;
}
